
Microsoft Visual Studio Solution File, Format Version 12.00
# Visual Studio 2013
VisualStudioVersion = 12.0.31101.0
MinimumVisualStudioVersion = 10.0.40219.1
Project("{D954291E-2A0B-460D-934E-DC6B0785DB48}") = "TestApp.Shared", "TestApp\TestApp.Shared\TestApp.Shared.shproj", "{EB0F4037-3126-49E6-B61E-FD5758F0F0ED}"
EndProject
Project("{FAE04EC0-301F-11D3-BF4B-00C04F79EFBC}") = "TestApp.Windows", "TestApp\TestApp.Windows\TestApp.Windows.csproj", "{B8805C1A-3738-4E04-8DF3-0AA4BACD9BD9}"
EndProject
Project("{FAE04EC0-301F-11D3-BF4B-00C04F79EFBC}") = "TestApp.WindowsPhone", "TestApp\TestApp.WindowsPhone\TestApp.WindowsPhone.csproj", "{257A2010-58A4-4651-95CE-600BBC1F9274}"
EndProject
Project("{2150E333-8FDC-42A3-9474-1A3956D46DE8}") = "TestApp", "TestApp", "{5D7B5ABF-E754-4937-8026-0C62587512AC}"
EndProject
Project("{2150E333-8FDC-42A3-9474-1A3956D46DE8}") = "nghttp2", "nghttp2", "{21C88CE9-D395-42FE-ADBB-7EC57993637D}"
EndProject
Project("{8BC9CEB8-8B4A-11D0-8D11-00A0C91BC942}") = "nghttp2.Shared", "nghttp2\nghttp2.Shared\nghttp2.Shared.vcxitems", "{EEC15F5E-5B26-4438-B331-1336103479A5}"
EndProject
Project("{8BC9CEB8-8B4A-11D0-8D11-00A0C91BC942}") = "nghttp2.Windows", "nghttp2\nghttp2.Windows\nghttp2.Windows.vcxproj", "{0E46768C-6829-462B-B99F-971E43F90F82}"
EndProject
Project("{8BC9CEB8-8B4A-11D0-8D11-00A0C91BC942}") = "nghttp2.WindowsPhone", "nghttp2\nghttp2.WindowsPhone\nghttp2.WindowsPhone.vcxproj", "{8FDF3C97-99C8-4F2A-B27A-06F7EE1348CE}"
	ProjectSection(ProjectDependencies) = postProject
		{0E46768C-6829-462B-B99F-971E43F90F82} = {0E46768C-6829-462B-B99F-971E43F90F82}
	EndProjectSection
EndProject
Project("{2150E333-8FDC-42A3-9474-1A3956D46DE8}") = "WinRTC", "WinRTC", "{9DDBAE40-DF68-474A-B185-B8109C8ADA0B}"
EndProject
Project("{8BC9CEB8-8B4A-11D0-8D11-00A0C91BC942}") = "WinRTC.Shared", "WinRTC\WinRTC.Shared\WinRTC.Shared.vcxitems", "{E30939B0-D24B-4774-8B5E-B44280D09A5B}"
EndProject
Project("{8BC9CEB8-8B4A-11D0-8D11-00A0C91BC942}") = "WinRTC.Windows", "WinRTC\WinRTC.Windows\WinRTC.Windows.vcxproj", "{347CD874-5A85-4511-94AA-988F1DFF4F7D}"
EndProject
Project("{8BC9CEB8-8B4A-11D0-8D11-00A0C91BC942}") = "WinRTC.WindowsPhone", "WinRTC\WinRTC.WindowsPhone\WinRTC.WindowsPhone.vcxproj", "{178E921A-C992-40AB-AB2C-33A6FD4F121B}"
EndProject
Global
	GlobalSection(SharedMSBuildProjectFiles) = preSolution
		WinRTC\WinRTC.Shared\WinRTC.Shared.vcxitems*{e30939b0-d24b-4774-8b5e-b44280d09a5b}*SharedItemsImports = 9
		TestApp\TestApp.Shared\TestApp.Shared.projitems*{b8805c1a-3738-4e04-8df3-0aa4bacd9bd9}*SharedItemsImports = 4
		nghttp2\nghttp2.Shared\nghttp2.Shared.vcxitems*{eec15f5e-5b26-4438-b331-1336103479a5}*SharedItemsImports = 9
		WinRTC\WinRTC.Shared\WinRTC.Shared.vcxitems*{178e921a-c992-40ab-ab2c-33a6fd4f121b}*SharedItemsImports = 4
		nghttp2\nghttp2.Shared\nghttp2.Shared.vcxitems*{0e46768c-6829-462b-b99f-971e43f90f82}*SharedItemsImports = 4
		WinRTC\WinRTC.Shared\WinRTC.Shared.vcxitems*{347cd874-5a85-4511-94aa-988f1dff4f7d}*SharedItemsImports = 4
		nghttp2\nghttp2.Shared\nghttp2.Shared.vcxitems*{8fdf3c97-99c8-4f2a-b27a-06f7ee1348ce}*SharedItemsImports = 4
		TestApp\TestApp.Shared\TestApp.Shared.projitems*{257a2010-58a4-4651-95ce-600bbc1f9274}*SharedItemsImports = 4
		TestApp\TestApp.Shared\TestApp.Shared.projitems*{eb0f4037-3126-49e6-b61e-fd5758f0f0ed}*SharedItemsImports = 13
	EndGlobalSection
	GlobalSection(SolutionConfigurationPlatforms) = preSolution
		Debug|Any CPU = Debug|Any CPU
		Debug|ARM = Debug|ARM
		Debug|Mixed Platforms = Debug|Mixed Platforms
		Debug|Win32 = Debug|Win32
		Debug|x64 = Debug|x64
		Debug|x86 = Debug|x86
		Release|Any CPU = Release|Any CPU
		Release|ARM = Release|ARM
		Release|Mixed Platforms = Release|Mixed Platforms
		Release|Win32 = Release|Win32
		Release|x64 = Release|x64
		Release|x86 = Release|x86
	EndGlobalSection
	GlobalSection(ProjectConfigurationPlatforms) = postSolution
		{B8805C1A-3738-4E04-8DF3-0AA4BACD9BD9}.Debug|Any CPU.ActiveCfg = Debug|Any CPU
		{B8805C1A-3738-4E04-8DF3-0AA4BACD9BD9}.Debug|Any CPU.Build.0 = Debug|Any CPU
		{B8805C1A-3738-4E04-8DF3-0AA4BACD9BD9}.Debug|Any CPU.Deploy.0 = Debug|Any CPU
		{B8805C1A-3738-4E04-8DF3-0AA4BACD9BD9}.Debug|ARM.ActiveCfg = Debug|ARM
		{B8805C1A-3738-4E04-8DF3-0AA4BACD9BD9}.Debug|ARM.Build.0 = Debug|ARM
		{B8805C1A-3738-4E04-8DF3-0AA4BACD9BD9}.Debug|ARM.Deploy.0 = Debug|ARM
		{B8805C1A-3738-4E04-8DF3-0AA4BACD9BD9}.Debug|Mixed Platforms.ActiveCfg = Debug|x86
		{B8805C1A-3738-4E04-8DF3-0AA4BACD9BD9}.Debug|Mixed Platforms.Build.0 = Debug|x86
		{B8805C1A-3738-4E04-8DF3-0AA4BACD9BD9}.Debug|Mixed Platforms.Deploy.0 = Debug|x86
		{B8805C1A-3738-4E04-8DF3-0AA4BACD9BD9}.Debug|Win32.ActiveCfg = Debug|x86
		{B8805C1A-3738-4E04-8DF3-0AA4BACD9BD9}.Debug|Win32.Build.0 = Debug|x86
		{B8805C1A-3738-4E04-8DF3-0AA4BACD9BD9}.Debug|Win32.Deploy.0 = Debug|x86
		{B8805C1A-3738-4E04-8DF3-0AA4BACD9BD9}.Debug|x64.ActiveCfg = Debug|x64
		{B8805C1A-3738-4E04-8DF3-0AA4BACD9BD9}.Debug|x64.Build.0 = Debug|x64
		{B8805C1A-3738-4E04-8DF3-0AA4BACD9BD9}.Debug|x64.Deploy.0 = Debug|x64
		{B8805C1A-3738-4E04-8DF3-0AA4BACD9BD9}.Debug|x86.ActiveCfg = Debug|x86
		{B8805C1A-3738-4E04-8DF3-0AA4BACD9BD9}.Debug|x86.Build.0 = Debug|x86
		{B8805C1A-3738-4E04-8DF3-0AA4BACD9BD9}.Debug|x86.Deploy.0 = Debug|x86
		{B8805C1A-3738-4E04-8DF3-0AA4BACD9BD9}.Release|Any CPU.ActiveCfg = Release|Any CPU
		{B8805C1A-3738-4E04-8DF3-0AA4BACD9BD9}.Release|Any CPU.Build.0 = Release|Any CPU
		{B8805C1A-3738-4E04-8DF3-0AA4BACD9BD9}.Release|Any CPU.Deploy.0 = Release|Any CPU
		{B8805C1A-3738-4E04-8DF3-0AA4BACD9BD9}.Release|ARM.ActiveCfg = Release|ARM
		{B8805C1A-3738-4E04-8DF3-0AA4BACD9BD9}.Release|ARM.Build.0 = Release|ARM
		{B8805C1A-3738-4E04-8DF3-0AA4BACD9BD9}.Release|ARM.Deploy.0 = Release|ARM
		{B8805C1A-3738-4E04-8DF3-0AA4BACD9BD9}.Release|Mixed Platforms.ActiveCfg = Release|x86
		{B8805C1A-3738-4E04-8DF3-0AA4BACD9BD9}.Release|Mixed Platforms.Build.0 = Release|x86
		{B8805C1A-3738-4E04-8DF3-0AA4BACD9BD9}.Release|Mixed Platforms.Deploy.0 = Release|x86
		{B8805C1A-3738-4E04-8DF3-0AA4BACD9BD9}.Release|Win32.ActiveCfg = Release|x86
		{B8805C1A-3738-4E04-8DF3-0AA4BACD9BD9}.Release|Win32.Build.0 = Release|x86
		{B8805C1A-3738-4E04-8DF3-0AA4BACD9BD9}.Release|Win32.Deploy.0 = Release|x86
		{B8805C1A-3738-4E04-8DF3-0AA4BACD9BD9}.Release|x64.ActiveCfg = Release|x64
		{B8805C1A-3738-4E04-8DF3-0AA4BACD9BD9}.Release|x64.Build.0 = Release|x64
		{B8805C1A-3738-4E04-8DF3-0AA4BACD9BD9}.Release|x64.Deploy.0 = Release|x64
		{B8805C1A-3738-4E04-8DF3-0AA4BACD9BD9}.Release|x86.ActiveCfg = Release|x86
		{B8805C1A-3738-4E04-8DF3-0AA4BACD9BD9}.Release|x86.Build.0 = Release|x86
		{B8805C1A-3738-4E04-8DF3-0AA4BACD9BD9}.Release|x86.Deploy.0 = Release|x86
		{257A2010-58A4-4651-95CE-600BBC1F9274}.Debug|Any CPU.ActiveCfg = Debug|Any CPU
		{257A2010-58A4-4651-95CE-600BBC1F9274}.Debug|Any CPU.Build.0 = Debug|Any CPU
		{257A2010-58A4-4651-95CE-600BBC1F9274}.Debug|Any CPU.Deploy.0 = Debug|Any CPU
		{257A2010-58A4-4651-95CE-600BBC1F9274}.Debug|ARM.ActiveCfg = Debug|ARM
		{257A2010-58A4-4651-95CE-600BBC1F9274}.Debug|ARM.Build.0 = Debug|ARM
		{257A2010-58A4-4651-95CE-600BBC1F9274}.Debug|ARM.Deploy.0 = Debug|ARM
		{257A2010-58A4-4651-95CE-600BBC1F9274}.Debug|Mixed Platforms.ActiveCfg = Debug|x86
		{257A2010-58A4-4651-95CE-600BBC1F9274}.Debug|Mixed Platforms.Build.0 = Debug|x86
		{257A2010-58A4-4651-95CE-600BBC1F9274}.Debug|Mixed Platforms.Deploy.0 = Debug|x86
		{257A2010-58A4-4651-95CE-600BBC1F9274}.Debug|Win32.ActiveCfg = Debug|x86
		{257A2010-58A4-4651-95CE-600BBC1F9274}.Debug|Win32.Build.0 = Debug|x86
		{257A2010-58A4-4651-95CE-600BBC1F9274}.Debug|Win32.Deploy.0 = Debug|x86
		{257A2010-58A4-4651-95CE-600BBC1F9274}.Debug|x64.ActiveCfg = Debug|Any CPU
		{257A2010-58A4-4651-95CE-600BBC1F9274}.Debug|x86.ActiveCfg = Debug|x86
		{257A2010-58A4-4651-95CE-600BBC1F9274}.Debug|x86.Build.0 = Debug|x86
		{257A2010-58A4-4651-95CE-600BBC1F9274}.Debug|x86.Deploy.0 = Debug|x86
		{257A2010-58A4-4651-95CE-600BBC1F9274}.Release|Any CPU.ActiveCfg = Release|Any CPU
		{257A2010-58A4-4651-95CE-600BBC1F9274}.Release|Any CPU.Build.0 = Release|Any CPU
		{257A2010-58A4-4651-95CE-600BBC1F9274}.Release|Any CPU.Deploy.0 = Release|Any CPU
		{257A2010-58A4-4651-95CE-600BBC1F9274}.Release|ARM.ActiveCfg = Release|ARM
		{257A2010-58A4-4651-95CE-600BBC1F9274}.Release|ARM.Build.0 = Release|ARM
		{257A2010-58A4-4651-95CE-600BBC1F9274}.Release|ARM.Deploy.0 = Release|ARM
		{257A2010-58A4-4651-95CE-600BBC1F9274}.Release|Mixed Platforms.ActiveCfg = Release|x86
		{257A2010-58A4-4651-95CE-600BBC1F9274}.Release|Mixed Platforms.Build.0 = Release|x86
		{257A2010-58A4-4651-95CE-600BBC1F9274}.Release|Mixed Platforms.Deploy.0 = Release|x86
		{257A2010-58A4-4651-95CE-600BBC1F9274}.Release|Win32.ActiveCfg = Release|x86
		{257A2010-58A4-4651-95CE-600BBC1F9274}.Release|Win32.Build.0 = Release|x86
		{257A2010-58A4-4651-95CE-600BBC1F9274}.Release|Win32.Deploy.0 = Release|x86
		{257A2010-58A4-4651-95CE-600BBC1F9274}.Release|x64.ActiveCfg = Release|Any CPU
		{257A2010-58A4-4651-95CE-600BBC1F9274}.Release|x86.ActiveCfg = Release|x86
		{257A2010-58A4-4651-95CE-600BBC1F9274}.Release|x86.Build.0 = Release|x86
		{257A2010-58A4-4651-95CE-600BBC1F9274}.Release|x86.Deploy.0 = Release|x86
		{0E46768C-6829-462B-B99F-971E43F90F82}.Debug|Any CPU.ActiveCfg = Debug|Win32
		{0E46768C-6829-462B-B99F-971E43F90F82}.Debug|ARM.ActiveCfg = Debug|ARM
		{0E46768C-6829-462B-B99F-971E43F90F82}.Debug|ARM.Build.0 = Debug|ARM
		{0E46768C-6829-462B-B99F-971E43F90F82}.Debug|Mixed Platforms.ActiveCfg = Debug|Win32
		{0E46768C-6829-462B-B99F-971E43F90F82}.Debug|Mixed Platforms.Build.0 = Debug|Win32
		{0E46768C-6829-462B-B99F-971E43F90F82}.Debug|Win32.ActiveCfg = Debug|Win32
		{0E46768C-6829-462B-B99F-971E43F90F82}.Debug|Win32.Build.0 = Debug|Win32
		{0E46768C-6829-462B-B99F-971E43F90F82}.Debug|x64.ActiveCfg = Debug|x64
		{0E46768C-6829-462B-B99F-971E43F90F82}.Debug|x64.Build.0 = Debug|x64
		{0E46768C-6829-462B-B99F-971E43F90F82}.Debug|x86.ActiveCfg = Debug|Win32
		{0E46768C-6829-462B-B99F-971E43F90F82}.Debug|x86.Build.0 = Debug|Win32
		{0E46768C-6829-462B-B99F-971E43F90F82}.Release|Any CPU.ActiveCfg = Release|Win32
		{0E46768C-6829-462B-B99F-971E43F90F82}.Release|ARM.ActiveCfg = Release|ARM
		{0E46768C-6829-462B-B99F-971E43F90F82}.Release|ARM.Build.0 = Release|ARM
		{0E46768C-6829-462B-B99F-971E43F90F82}.Release|Mixed Platforms.ActiveCfg = Release|Win32
		{0E46768C-6829-462B-B99F-971E43F90F82}.Release|Mixed Platforms.Build.0 = Release|Win32
		{0E46768C-6829-462B-B99F-971E43F90F82}.Release|Win32.ActiveCfg = Release|Win32
		{0E46768C-6829-462B-B99F-971E43F90F82}.Release|Win32.Build.0 = Release|Win32
		{0E46768C-6829-462B-B99F-971E43F90F82}.Release|x64.ActiveCfg = Release|x64
		{0E46768C-6829-462B-B99F-971E43F90F82}.Release|x64.Build.0 = Release|x64
		{0E46768C-6829-462B-B99F-971E43F90F82}.Release|x86.ActiveCfg = Release|Win32
		{0E46768C-6829-462B-B99F-971E43F90F82}.Release|x86.Build.0 = Release|Win32
		{8FDF3C97-99C8-4F2A-B27A-06F7EE1348CE}.Debug|Any CPU.ActiveCfg = Debug|Win32
		{8FDF3C97-99C8-4F2A-B27A-06F7EE1348CE}.Debug|ARM.ActiveCfg = Debug|ARM
		{8FDF3C97-99C8-4F2A-B27A-06F7EE1348CE}.Debug|ARM.Build.0 = Debug|ARM
		{8FDF3C97-99C8-4F2A-B27A-06F7EE1348CE}.Debug|Mixed Platforms.ActiveCfg = Debug|Win32
		{8FDF3C97-99C8-4F2A-B27A-06F7EE1348CE}.Debug|Mixed Platforms.Build.0 = Debug|Win32
		{8FDF3C97-99C8-4F2A-B27A-06F7EE1348CE}.Debug|Win32.ActiveCfg = Debug|Win32
		{8FDF3C97-99C8-4F2A-B27A-06F7EE1348CE}.Debug|Win32.Build.0 = Debug|Win32
		{8FDF3C97-99C8-4F2A-B27A-06F7EE1348CE}.Debug|x64.ActiveCfg = Debug|Win32
		{8FDF3C97-99C8-4F2A-B27A-06F7EE1348CE}.Debug|x86.ActiveCfg = Debug|Win32
		{8FDF3C97-99C8-4F2A-B27A-06F7EE1348CE}.Debug|x86.Build.0 = Debug|Win32
		{8FDF3C97-99C8-4F2A-B27A-06F7EE1348CE}.Release|Any CPU.ActiveCfg = Release|Win32
		{8FDF3C97-99C8-4F2A-B27A-06F7EE1348CE}.Release|ARM.ActiveCfg = Release|ARM
		{8FDF3C97-99C8-4F2A-B27A-06F7EE1348CE}.Release|ARM.Build.0 = Release|ARM
		{8FDF3C97-99C8-4F2A-B27A-06F7EE1348CE}.Release|Mixed Platforms.ActiveCfg = Release|Win32
		{8FDF3C97-99C8-4F2A-B27A-06F7EE1348CE}.Release|Mixed Platforms.Build.0 = Release|Win32
		{8FDF3C97-99C8-4F2A-B27A-06F7EE1348CE}.Release|Win32.ActiveCfg = Release|Win32
		{8FDF3C97-99C8-4F2A-B27A-06F7EE1348CE}.Release|Win32.Build.0 = Release|Win32
		{8FDF3C97-99C8-4F2A-B27A-06F7EE1348CE}.Release|x64.ActiveCfg = Release|Win32
		{8FDF3C97-99C8-4F2A-B27A-06F7EE1348CE}.Release|x86.ActiveCfg = Release|Win32
		{8FDF3C97-99C8-4F2A-B27A-06F7EE1348CE}.Release|x86.Build.0 = Release|Win32
		{347CD874-5A85-4511-94AA-988F1DFF4F7D}.Debug|Any CPU.ActiveCfg = Debug|Win32
		{347CD874-5A85-4511-94AA-988F1DFF4F7D}.Debug|ARM.ActiveCfg = Debug|ARM
		{347CD874-5A85-4511-94AA-988F1DFF4F7D}.Debug|ARM.Build.0 = Debug|ARM
		{347CD874-5A85-4511-94AA-988F1DFF4F7D}.Debug|Mixed Platforms.ActiveCfg = Debug|Win32
		{347CD874-5A85-4511-94AA-988F1DFF4F7D}.Debug|Mixed Platforms.Build.0 = Debug|Win32
		{347CD874-5A85-4511-94AA-988F1DFF4F7D}.Debug|Win32.ActiveCfg = Debug|Win32
		{347CD874-5A85-4511-94AA-988F1DFF4F7D}.Debug|Win32.Build.0 = Debug|Win32
		{347CD874-5A85-4511-94AA-988F1DFF4F7D}.Debug|x64.ActiveCfg = Debug|x64
		{347CD874-5A85-4511-94AA-988F1DFF4F7D}.Debug|x64.Build.0 = Debug|x64
		{347CD874-5A85-4511-94AA-988F1DFF4F7D}.Debug|x86.ActiveCfg = Debug|Win32
		{347CD874-5A85-4511-94AA-988F1DFF4F7D}.Debug|x86.Build.0 = Debug|Win32
		{347CD874-5A85-4511-94AA-988F1DFF4F7D}.Release|Any CPU.ActiveCfg = Release|Win32
		{347CD874-5A85-4511-94AA-988F1DFF4F7D}.Release|ARM.ActiveCfg = Release|ARM
		{347CD874-5A85-4511-94AA-988F1DFF4F7D}.Release|ARM.Build.0 = Release|ARM
		{347CD874-5A85-4511-94AA-988F1DFF4F7D}.Release|Mixed Platforms.ActiveCfg = Release|Win32
		{347CD874-5A85-4511-94AA-988F1DFF4F7D}.Release|Mixed Platforms.Build.0 = Release|Win32
		{347CD874-5A85-4511-94AA-988F1DFF4F7D}.Release|Win32.ActiveCfg = Release|Win32
		{347CD874-5A85-4511-94AA-988F1DFF4F7D}.Release|Win32.Build.0 = Release|Win32
		{347CD874-5A85-4511-94AA-988F1DFF4F7D}.Release|x64.ActiveCfg = Release|x64
		{347CD874-5A85-4511-94AA-988F1DFF4F7D}.Release|x64.Build.0 = Release|x64
		{347CD874-5A85-4511-94AA-988F1DFF4F7D}.Release|x86.ActiveCfg = Release|Win32
		{347CD874-5A85-4511-94AA-988F1DFF4F7D}.Release|x86.Build.0 = Release|Win32
		{178E921A-C992-40AB-AB2C-33A6FD4F121B}.Debug|Any CPU.ActiveCfg = Debug|Win32
		{178E921A-C992-40AB-AB2C-33A6FD4F121B}.Debug|ARM.ActiveCfg = Debug|ARM
		{178E921A-C992-40AB-AB2C-33A6FD4F121B}.Debug|ARM.Build.0 = Debug|ARM
		{178E921A-C992-40AB-AB2C-33A6FD4F121B}.Debug|Mixed Platforms.ActiveCfg = Debug|Win32
		{178E921A-C992-40AB-AB2C-33A6FD4F121B}.Debug|Mixed Platforms.Build.0 = Debug|Win32
		{178E921A-C992-40AB-AB2C-33A6FD4F121B}.Debug|Win32.ActiveCfg = Debug|Win32
		{178E921A-C992-40AB-AB2C-33A6FD4F121B}.Debug|Win32.Build.0 = Debug|Win32
		{178E921A-C992-40AB-AB2C-33A6FD4F121B}.Debug|x64.ActiveCfg = Debug|Win32
		{178E921A-C992-40AB-AB2C-33A6FD4F121B}.Debug|x86.ActiveCfg = Debug|Win32
		{178E921A-C992-40AB-AB2C-33A6FD4F121B}.Debug|x86.Build.0 = Debug|Win32
		{178E921A-C992-40AB-AB2C-33A6FD4F121B}.Release|Any CPU.ActiveCfg = Release|Win32
		{178E921A-C992-40AB-AB2C-33A6FD4F121B}.Release|ARM.ActiveCfg = Release|ARM
		{178E921A-C992-40AB-AB2C-33A6FD4F121B}.Release|ARM.Build.0 = Release|ARM
		{178E921A-C992-40AB-AB2C-33A6FD4F121B}.Release|Mixed Platforms.ActiveCfg = Release|Win32
		{178E921A-C992-40AB-AB2C-33A6FD4F121B}.Release|Mixed Platforms.Build.0 = Release|Win32
		{178E921A-C992-40AB-AB2C-33A6FD4F121B}.Release|Win32.ActiveCfg = Release|Win32
		{178E921A-C992-40AB-AB2C-33A6FD4F121B}.Release|Win32.Build.0 = Release|Win32
		{178E921A-C992-40AB-AB2C-33A6FD4F121B}.Release|x64.ActiveCfg = Release|Win32
		{178E921A-C992-40AB-AB2C-33A6FD4F121B}.Release|x86.ActiveCfg = Release|Win32
		{178E921A-C992-40AB-AB2C-33A6FD4F121B}.Release|x86.Build.0 = Release|Win32
	EndGlobalSection
	GlobalSection(SolutionProperties) = preSolution
		HideSolutionNode = FALSE
	EndGlobalSection
	GlobalSection(NestedProjects) = preSolution
		{EB0F4037-3126-49E6-B61E-FD5758F0F0ED} = {5D7B5ABF-E754-4937-8026-0C62587512AC}
		{B8805C1A-3738-4E04-8DF3-0AA4BACD9BD9} = {5D7B5ABF-E754-4937-8026-0C62587512AC}
		{257A2010-58A4-4651-95CE-600BBC1F9274} = {5D7B5ABF-E754-4937-8026-0C62587512AC}
		{EEC15F5E-5B26-4438-B331-1336103479A5} = {21C88CE9-D395-42FE-ADBB-7EC57993637D}
		{0E46768C-6829-462B-B99F-971E43F90F82} = {21C88CE9-D395-42FE-ADBB-7EC57993637D}
		{8FDF3C97-99C8-4F2A-B27A-06F7EE1348CE} = {21C88CE9-D395-42FE-ADBB-7EC57993637D}
		{E30939B0-D24B-4774-8B5E-B44280D09A5B} = {9DDBAE40-DF68-474A-B185-B8109C8ADA0B}
		{347CD874-5A85-4511-94AA-988F1DFF4F7D} = {9DDBAE40-DF68-474A-B185-B8109C8ADA0B}
		{178E921A-C992-40AB-AB2C-33A6FD4F121B} = {9DDBAE40-DF68-474A-B185-B8109C8ADA0B}
	EndGlobalSection
EndGlobal
